
Microsoft Visual Studio Solution File, Format Version 12.00
# Visual Studio 14
VisualStudioVersion = 14.0.25420.1
MinimumVisualStudioVersion = 10.0.40219.1
Project("{FAE04EC0-301F-11D3-BF4B-00C04F79EFBC}") = "Photobooth_PPTIK", "Photobooth_PPTIK\Photobooth_PPTIK.csproj", "{0934971F-A01A-41CB-A777-D746F1D2E442}"
EndProject
Project("{FAE04EC0-301F-11D3-BF4B-00C04F79EFBC}") = "WpfKb", "WpfKb\WpfKb.csproj", "{0784CDC9-0F52-4B8B-9488-6589C11E94E2}"
EndProject
Global
	GlobalSection(SolutionConfigurationPlatforms) = preSolution
		Debug|Any CPU = Debug|Any CPU
		Release|Any CPU = Release|Any CPU
	EndGlobalSection
	GlobalSection(ProjectConfigurationPlatforms) = postSolution
		{0934971F-A01A-41CB-A777-D746F1D2E442}.Debug|Any CPU.ActiveCfg = Debug|Any CPU
		{0934971F-A01A-41CB-A777-D746F1D2E442}.Debug|Any CPU.Build.0 = Debug|Any CPU
		{0934971F-A01A-41CB-A777-D746F1D2E442}.Release|Any CPU.ActiveCfg = Release|Any CPU
		{0934971F-A01A-41CB-A777-D746F1D2E442}.Release|Any CPU.Build.0 = Release|Any CPU
		{0784CDC9-0F52-4B8B-9488-6589C11E94E2}.Debug|Any CPU.ActiveCfg = Debug|Any CPU
		{0784CDC9-0F52-4B8B-9488-6589C11E94E2}.Release|Any CPU.ActiveCfg = Debug|Any CPU
	EndGlobalSection
	GlobalSection(SolutionProperties) = preSolution
		HideSolutionNode = FALSE
	EndGlobalSection
EndGlobal
